
Microsoft Visual Studio Solution File, Format Version 12.00
# Visual Studio Version 16
VisualStudioVersion = 25.0.1703.0
MinimumVisualStudioVersion = 10.0.40219.1
Project("{FAE04EC0-301F-11D3-BF4B-00C04F79EFBC}") = "macWebViewTestCocoa", "macWebViewTestCocoa\macWebViewTestCocoa.csproj", "{9F0E5B1A-5697-4EA6-9746-2FECB5642128}"
EndProject
Global
	GlobalSection(SolutionConfigurationPlatforms) = preSolution
		Debug|Any CPU = Debug|Any CPU
		Release|Any CPU = Release|Any CPU
	EndGlobalSection
	GlobalSection(ProjectConfigurationPlatforms) = postSolution
		{9F0E5B1A-5697-4EA6-9746-2FECB5642128}.Debug|Any CPU.ActiveCfg = Debug|Any CPU
		{9F0E5B1A-5697-4EA6-9746-2FECB5642128}.Debug|Any CPU.Build.0 = Debug|Any CPU
		{9F0E5B1A-5697-4EA6-9746-2FECB5642128}.Release|Any CPU.ActiveCfg = Release|Any CPU
		{9F0E5B1A-5697-4EA6-9746-2FECB5642128}.Release|Any CPU.Build.0 = Release|Any CPU
	EndGlobalSection
	GlobalSection(SolutionProperties) = preSolution
		HideSolutionNode = FALSE
	EndGlobalSection
	GlobalSection(ExtensibilityGlobals) = postSolution
		SolutionGuid = {2371AD54-45B8-47CE-A317-6143874CBEEE}
	EndGlobalSection
EndGlobal
